
Microsoft Visual Studio Solution File, Format Version 12.00
# Visual Studio Version 16
VisualStudioVersion = 16.0.30114.105
MinimumVisualStudioVersion = 10.0.40219.1
Project("{2150E333-8FDC-42A3-9474-1A3956D46DE8}") = "src", "src", "{291D00C5-F7C9-41A9-9B1C-0AAC11C994FB}"
EndProject
Project("{FAE04EC0-301F-11D3-BF4B-00C04F79EFBC}") = "Manager.Domain", "src\Manager.Domain\Manager.Domain.csproj", "{70627B05-B009-4A64-AD35-0ECE1CAF85A3}"
EndProject
Project("{FAE04EC0-301F-11D3-BF4B-00C04F79EFBC}") = "Manager.Core", "src\Manager.Core\Manager.Core.csproj", "{AE988AC1-174F-48E2-B3FF-69840F5A6E27}"
EndProject
Project("{FAE04EC0-301F-11D3-BF4B-00C04F79EFBC}") = "Manager.Infra", "src\Manager.Infra\Manager.Infra.csproj", "{F93954F0-D808-4C25-8707-5775E018F9A2}"
EndProject
Project("{FAE04EC0-301F-11D3-BF4B-00C04F79EFBC}") = "Manager.Services", "src\Manager.Services\Manager.Services.csproj", "{22318539-EC25-436B-A461-FBCA974D895C}"
EndProject
Project("{FAE04EC0-301F-11D3-BF4B-00C04F79EFBC}") = "Manager.API", "src\Manager.API\Manager.API.csproj", "{891C41E0-C82D-487C-AFC3-EC09C0EB2AB1}"
EndProject
Global
	GlobalSection(SolutionConfigurationPlatforms) = preSolution
		Debug|Any CPU = Debug|Any CPU
		Debug|x64 = Debug|x64
		Debug|x86 = Debug|x86
		Release|Any CPU = Release|Any CPU
		Release|x64 = Release|x64
		Release|x86 = Release|x86
	EndGlobalSection
	GlobalSection(SolutionProperties) = preSolution
		HideSolutionNode = FALSE
	EndGlobalSection
	GlobalSection(ProjectConfigurationPlatforms) = postSolution
		{70627B05-B009-4A64-AD35-0ECE1CAF85A3}.Debug|Any CPU.ActiveCfg = Debug|Any CPU
		{70627B05-B009-4A64-AD35-0ECE1CAF85A3}.Debug|Any CPU.Build.0 = Debug|Any CPU
		{70627B05-B009-4A64-AD35-0ECE1CAF85A3}.Debug|x64.ActiveCfg = Debug|Any CPU
		{70627B05-B009-4A64-AD35-0ECE1CAF85A3}.Debug|x64.Build.0 = Debug|Any CPU
		{70627B05-B009-4A64-AD35-0ECE1CAF85A3}.Debug|x86.ActiveCfg = Debug|Any CPU
		{70627B05-B009-4A64-AD35-0ECE1CAF85A3}.Debug|x86.Build.0 = Debug|Any CPU
		{70627B05-B009-4A64-AD35-0ECE1CAF85A3}.Release|Any CPU.ActiveCfg = Release|Any CPU
		{70627B05-B009-4A64-AD35-0ECE1CAF85A3}.Release|Any CPU.Build.0 = Release|Any CPU
		{70627B05-B009-4A64-AD35-0ECE1CAF85A3}.Release|x64.ActiveCfg = Release|Any CPU
		{70627B05-B009-4A64-AD35-0ECE1CAF85A3}.Release|x64.Build.0 = Release|Any CPU
		{70627B05-B009-4A64-AD35-0ECE1CAF85A3}.Release|x86.ActiveCfg = Release|Any CPU
		{70627B05-B009-4A64-AD35-0ECE1CAF85A3}.Release|x86.Build.0 = Release|Any CPU
		{AE988AC1-174F-48E2-B3FF-69840F5A6E27}.Debug|Any CPU.ActiveCfg = Debug|Any CPU
		{AE988AC1-174F-48E2-B3FF-69840F5A6E27}.Debug|Any CPU.Build.0 = Debug|Any CPU
		{AE988AC1-174F-48E2-B3FF-69840F5A6E27}.Debug|x64.ActiveCfg = Debug|Any CPU
		{AE988AC1-174F-48E2-B3FF-69840F5A6E27}.Debug|x64.Build.0 = Debug|Any CPU
		{AE988AC1-174F-48E2-B3FF-69840F5A6E27}.Debug|x86.ActiveCfg = Debug|Any CPU
		{AE988AC1-174F-48E2-B3FF-69840F5A6E27}.Debug|x86.Build.0 = Debug|Any CPU
		{AE988AC1-174F-48E2-B3FF-69840F5A6E27}.Release|Any CPU.ActiveCfg = Release|Any CPU
		{AE988AC1-174F-48E2-B3FF-69840F5A6E27}.Release|Any CPU.Build.0 = Release|Any CPU
		{AE988AC1-174F-48E2-B3FF-69840F5A6E27}.Release|x64.ActiveCfg = Release|Any CPU
		{AE988AC1-174F-48E2-B3FF-69840F5A6E27}.Release|x64.Build.0 = Release|Any CPU
		{AE988AC1-174F-48E2-B3FF-69840F5A6E27}.Release|x86.ActiveCfg = Release|Any CPU
		{AE988AC1-174F-48E2-B3FF-69840F5A6E27}.Release|x86.Build.0 = Release|Any CPU
		{F93954F0-D808-4C25-8707-5775E018F9A2}.Debug|Any CPU.ActiveCfg = Debug|Any CPU
		{F93954F0-D808-4C25-8707-5775E018F9A2}.Debug|Any CPU.Build.0 = Debug|Any CPU
		{F93954F0-D808-4C25-8707-5775E018F9A2}.Debug|x64.ActiveCfg = Debug|Any CPU
		{F93954F0-D808-4C25-8707-5775E018F9A2}.Debug|x64.Build.0 = Debug|Any CPU
		{F93954F0-D808-4C25-8707-5775E018F9A2}.Debug|x86.ActiveCfg = Debug|Any CPU
		{F93954F0-D808-4C25-8707-5775E018F9A2}.Debug|x86.Build.0 = Debug|Any CPU
		{F93954F0-D808-4C25-8707-5775E018F9A2}.Release|Any CPU.ActiveCfg = Release|Any CPU
		{F93954F0-D808-4C25-8707-5775E018F9A2}.Release|Any CPU.Build.0 = Release|Any CPU
		{F93954F0-D808-4C25-8707-5775E018F9A2}.Release|x64.ActiveCfg = Release|Any CPU
		{F93954F0-D808-4C25-8707-5775E018F9A2}.Release|x64.Build.0 = Release|Any CPU
		{F93954F0-D808-4C25-8707-5775E018F9A2}.Release|x86.ActiveCfg = Release|Any CPU
		{F93954F0-D808-4C25-8707-5775E018F9A2}.Release|x86.Build.0 = Release|Any CPU
		{22318539-EC25-436B-A461-FBCA974D895C}.Debug|Any CPU.ActiveCfg = Debug|Any CPU
		{22318539-EC25-436B-A461-FBCA974D895C}.Debug|Any CPU.Build.0 = Debug|Any CPU
		{22318539-EC25-436B-A461-FBCA974D895C}.Debug|x64.ActiveCfg = Debug|Any CPU
		{22318539-EC25-436B-A461-FBCA974D895C}.Debug|x64.Build.0 = Debug|Any CPU
		{22318539-EC25-436B-A461-FBCA974D895C}.Debug|x86.ActiveCfg = Debug|Any CPU
		{22318539-EC25-436B-A461-FBCA974D895C}.Debug|x86.Build.0 = Debug|Any CPU
		{22318539-EC25-436B-A461-FBCA974D895C}.Release|Any CPU.ActiveCfg = Release|Any CPU
		{22318539-EC25-436B-A461-FBCA974D895C}.Release|Any CPU.Build.0 = Release|Any CPU
		{22318539-EC25-436B-A461-FBCA974D895C}.Release|x64.ActiveCfg = Release|Any CPU
		{22318539-EC25-436B-A461-FBCA974D895C}.Release|x64.Build.0 = Release|Any CPU
		{22318539-EC25-436B-A461-FBCA974D895C}.Release|x86.ActiveCfg = Release|Any CPU
		{22318539-EC25-436B-A461-FBCA974D895C}.Release|x86.Build.0 = Release|Any CPU
		{891C41E0-C82D-487C-AFC3-EC09C0EB2AB1}.Debug|Any CPU.ActiveCfg = Debug|Any CPU
		{891C41E0-C82D-487C-AFC3-EC09C0EB2AB1}.Debug|Any CPU.Build.0 = Debug|Any CPU
		{891C41E0-C82D-487C-AFC3-EC09C0EB2AB1}.Debug|x64.ActiveCfg = Debug|Any CPU
		{891C41E0-C82D-487C-AFC3-EC09C0EB2AB1}.Debug|x64.Build.0 = Debug|Any CPU
		{891C41E0-C82D-487C-AFC3-EC09C0EB2AB1}.Debug|x86.ActiveCfg = Debug|Any CPU
		{891C41E0-C82D-487C-AFC3-EC09C0EB2AB1}.Debug|x86.Build.0 = Debug|Any CPU
		{891C41E0-C82D-487C-AFC3-EC09C0EB2AB1}.Release|Any CPU.ActiveCfg = Release|Any CPU
		{891C41E0-C82D-487C-AFC3-EC09C0EB2AB1}.Release|Any CPU.Build.0 = Release|Any CPU
		{891C41E0-C82D-487C-AFC3-EC09C0EB2AB1}.Release|x64.ActiveCfg = Release|Any CPU
		{891C41E0-C82D-487C-AFC3-EC09C0EB2AB1}.Release|x64.Build.0 = Release|Any CPU
		{891C41E0-C82D-487C-AFC3-EC09C0EB2AB1}.Release|x86.ActiveCfg = Release|Any CPU
		{891C41E0-C82D-487C-AFC3-EC09C0EB2AB1}.Release|x86.Build.0 = Release|Any CPU
	EndGlobalSection
	GlobalSection(NestedProjects) = preSolution
		{70627B05-B009-4A64-AD35-0ECE1CAF85A3} = {291D00C5-F7C9-41A9-9B1C-0AAC11C994FB}
		{AE988AC1-174F-48E2-B3FF-69840F5A6E27} = {291D00C5-F7C9-41A9-9B1C-0AAC11C994FB}
		{F93954F0-D808-4C25-8707-5775E018F9A2} = {291D00C5-F7C9-41A9-9B1C-0AAC11C994FB}
		{22318539-EC25-436B-A461-FBCA974D895C} = {291D00C5-F7C9-41A9-9B1C-0AAC11C994FB}
		{891C41E0-C82D-487C-AFC3-EC09C0EB2AB1} = {291D00C5-F7C9-41A9-9B1C-0AAC11C994FB}
	EndGlobalSection
EndGlobal
